
Microsoft Visual Studio Solution File, Format Version 12.00
# Visual Studio Version 17
VisualStudioVersion = 17.14.37502.11 d17.14
MinimumVisualStudioVersion = 10.0.40219.1
Project("{FAE04EC0-301F-11D3-BF4B-00C04F79EFBC}") = "AttendanceSystem", "AttendanceSystem.csproj", "{98827018-EC86-17DE-9824-8B0C1B0EB979}"
EndProject
Global
	GlobalSection(SolutionConfigurationPlatforms) = preSolution
		Debug|Any CPU = Debug|Any CPU
		Release|Any CPU = Release|Any CPU
	EndGlobalSection
	GlobalSection(ProjectConfigurationPlatforms) = postSolution
		{98827018-EC86-17DE-9824-8B0C1B0EB979}.Debug|Any CPU.ActiveCfg = Debug|Any CPU
		{98827018-EC86-17DE-9824-8B0C1B0EB979}.Debug|Any CPU.Build.0 = Debug|Any CPU
		{98827018-EC86-17DE-9824-8B0C1B0EB979}.Release|Any CPU.ActiveCfg = Release|Any CPU
		{98827018-EC86-17DE-9824-8B0C1B0EB979}.Release|Any CPU.Build.0 = Release|Any CPU
	EndGlobalSection
	GlobalSection(SolutionProperties) = preSolution
		HideSolutionNode = FALSE
	EndGlobalSection
	GlobalSection(ExtensibilityGlobals) = postSolution
		SolutionGuid = {6E2F7C2A-9B2D-4B1B-A4A6-21F4CDBF3E72}
	EndGlobalSection
EndGlobal
